Microsoft Visual Studio Solution File, Format Version 12.00
# Visual Studio Version 17
VisualStudioVersion = 17.0.31903.59
MinimumVisualStudioVersion = 10.0.40219.1
Project("{FAE04EC0-301F-11D3-BF4B-00C04F79EFBC}") = "ClipRemote.Agent", "src\ClipRemote.Agent\ClipRemote.Agent.csproj", "{F8CB0CE6-47A8-43AA-9360-27EAB31CC34D}"
EndProject
Global
	GlobalSection(SolutionConfigurationPlatforms) = preSolution
		Debug|Any CPU = Debug|Any CPU
		Release|Any CPU = Release|Any CPU
	EndGlobalSection
	GlobalSection(ProjectConfigurationPlatforms) = postSolution
		{F8CB0CE6-47A8-43AA-9360-27EAB31CC34D}.Debug|Any CPU.ActiveCfg = Debug|Any CPU
		{F8CB0CE6-47A8-43AA-9360-27EAB31CC34D}.Debug|Any CPU.Build.0 = Debug|Any CPU
		{F8CB0CE6-47A8-43AA-9360-27EAB31CC34D}.Release|Any CPU.ActiveCfg = Release|Any CPU
		{F8CB0CE6-47A8-43AA-9360-27EAB31CC34D}.Release|Any CPU.Build.0 = Release|Any CPU
	EndGlobalSection
EndGlobal
